
Microsoft Visual Studio Solution File, Format Version 12.00
# Visual Studio Version 17
VisualStudioVersion = 17.8.34408.163
MinimumVisualStudioVersion = 10.0.40219.1
Project("{9A19103F-16F7-4668-BE54-9A1E7A4F7556}") = "Singleton.Structural", "Singleton.Structural\Singleton.Structural.csproj", "{6A89DD79-B70D-4F77-9178-97E6C4208265}"
EndProject
Project("{9A19103F-16F7-4668-BE54-9A1E7A4F7556}") = "Singleton.ThreadSafe", "Singleton.ThreadSafe\Singleton.ThreadSafe.csproj", "{88F1A9FF-A46B-4148-B41E-DA5EF762EE20}"
EndProject
Project("{9A19103F-16F7-4668-BE54-9A1E7A4F7556}") = "Singleton.LazyLoading", "Singleton.LazyLoading\Singleton.LazyLoading.csproj", "{150D405C-936D-4F30-AA78-A5BF4CE6A0AB}"
EndProject
Project("{9A19103F-16F7-4668-BE54-9A1E7A4F7556}") = "Prototype.Structural", "Prototype.Structural\Prototype.Structural.csproj", "{5C73A85F-F71B-43C8-8B77-48978869E293}"
EndProject
Project("{9A19103F-16F7-4668-BE54-9A1E7A4F7556}") = "Prototype.ShallowDeepCopyExample", "Prototype.ShallowDeepCopyExample\Prototype.ShallowDeepCopyExample.csproj", "{FF44E8B8-452B-4E4C-9E5A-5CD7D349A9F6}"
EndProject
Project("{9A19103F-16F7-4668-BE54-9A1E7A4F7556}") = "Prototype.UsingSerializer", "Prototype.UsingSerializer\Prototype.UsingSerializer.csproj", "{3B0DFF52-97C0-445C-B874-D0651C4356DC}"
EndProject
Project("{9A19103F-16F7-4668-BE54-9A1E7A4F7556}") = "FactoryMethod.SimpleFactory", "FactoryMethod.SimpleFactory\FactoryMethod.SimpleFactory.csproj", "{77FD5BB6-AD99-4709-AE08-382FB3463434}"
EndProject
Project("{9A19103F-16F7-4668-BE54-9A1E7A4F7556}") = "FactoryMethod.Structural", "FactoryMethod.Structural\FactoryMethod.Structural.csproj", "{337D4DEC-4572-49A2-A263-BB089976F172}"
EndProject
Project("{9A19103F-16F7-4668-BE54-9A1E7A4F7556}") = "FactoryMethod.RealtimeExample", "FactoryMethod.RealtimeExample\FactoryMethod.RealtimeExample.csproj", "{0A4CD7C7-08F4-4973-84CF-3E62C140F7FB}"
EndProject
Project("{9A19103F-16F7-4668-BE54-9A1E7A4F7556}") = "AbstractFactory.Structural", "AbstractFactory.Structural\AbstractFactory.Structural.csproj", "{0FBC1346-9B62-41BD-BEF0-ED0EC7DB7CF7}"
EndProject
Project("{9A19103F-16F7-4668-BE54-9A1E7A4F7556}") = "AbstractFactory.RealtimeExample", "AbstractFactory.RealtimeExample\AbstractFactory.RealtimeExample.csproj", "{AB728BA7-1BE2-4B7A-96A0-42BA2305E153}"
EndProject
Project("{9A19103F-16F7-4668-BE54-9A1E7A4F7556}") = "Builder.Structural", "Builder.Structural\Builder.Structural.csproj", "{FB427DDB-F0C6-4149-AE98-389113DA6269}"
EndProject
Project("{9A19103F-16F7-4668-BE54-9A1E7A4F7556}") = "Builder.RealtimeExample", "Builder.RealtimeExample\Builder.RealtimeExample.csproj", "{E9F01342-03F4-4CB7-8FF4-9D6F2B83CCCC}"
EndProject
Project("{9A19103F-16F7-4668-BE54-9A1E7A4F7556}") = "Builder.Fluent", "Builder.Fluent\Builder.Fluent.csproj", "{7624CD81-D14D-4ED2-90F1-D2407CDEAB73}"
EndProject
Project("{9A19103F-16F7-4668-BE54-9A1E7A4F7556}") = "Facade.Structural", "Facade.Structural\Facade.Structural.csproj", "{E18A8A71-B3CD-498F-B0F7-FC01B10960BF}"
EndProject
Project("{9A19103F-16F7-4668-BE54-9A1E7A4F7556}") = "Facade.RealtimeExample", "Facade.RealtimeExample\Facade.RealtimeExample.csproj", "{5132BF22-674E-4A56-A884-A2D340EBC788}"
EndProject
Project("{9A19103F-16F7-4668-BE54-9A1E7A4F7556}") = "Proxy.Structural", "Proxy.Structural\Proxy.Structural.csproj", "{FA8C4EB7-3BD1-407F-8A8E-D8E9D1D503A2}"
EndProject
Project("{9A19103F-16F7-4668-BE54-9A1E7A4F7556}") = "Proxy.RealtimeExample", "Proxy.RealtimeExample\Proxy.RealtimeExample.csproj", "{55C1FED6-FE48-4479-9F24-AF66C059DD1B}"
EndProject
Project("{9A19103F-16F7-4668-BE54-9A1E7A4F7556}") = "Bridge.Structural", "Bridge.Structural\Bridge.Structural.csproj", "{1A024E6A-4CC4-434D-A941-9F688BED6D3D}"
EndProject
Project("{9A19103F-16F7-4668-BE54-9A1E7A4F7556}") = "Bridge.RealtimeExample", "Bridge.RealtimeExample\Bridge.RealtimeExample.csproj", "{504A9D45-B205-4741-B45F-EF5D94039BA7}"
EndProject
Project("{9A19103F-16F7-4668-BE54-9A1E7A4F7556}") = "Adapter.Structural", "Adapter.Structural\Adapter.Structural.csproj", "{BF4893CE-B323-42FB-9120-F1A49C9B721F}"
EndProject
Project("{9A19103F-16F7-4668-BE54-9A1E7A4F7556}") = "Composite.Structural", "Composite.Structural\Composite.Structural.csproj", "{69A2613D-4E6B-4D84-AFDC-A10237C71708}"
EndProject
Project("{9A19103F-16F7-4668-BE54-9A1E7A4F7556}") = "Composite.ReatimeExample", "Composite.ReatimeExample\Composite.ReatimeExample.csproj", "{1CE25501-6D54-4781-8AB5-5ABEB4D55824}"
EndProject
Project("{9A19103F-16F7-4668-BE54-9A1E7A4F7556}") = "Flyweight.Structural", "Flyweight.Structural\Flyweight.Structural.csproj", "{24B46EDA-BDAF-4060-8712-2D6E7360F281}"
EndProject
Project("{9A19103F-16F7-4668-BE54-9A1E7A4F7556}") = "ChainofResponsibility.Structural", "ChainofResponsibility.Structural\ChainofResponsibility.Structural.csproj", "{1946706D-B55B-4593-9E17-02D2B88E5605}"
EndProject
Project("{9A19103F-16F7-4668-BE54-9A1E7A4F7556}") = "Command.Structural", "Command.Structural\Command.Structural.csproj", "{45003AF3-B85C-4D3D-B1D0-2E04A7D7252F}"
EndProject
Project("{9A19103F-16F7-4668-BE54-9A1E7A4F7556}") = "Interpreter.Structural", "Interpreter.Structural\Interpreter.Structural.csproj", "{7CB4E245-7A41-4430-8AC3-125A55FD080C}"
EndProject
Project("{9A19103F-16F7-4668-BE54-9A1E7A4F7556}") = "Iterator.Structural", "Iterator.Structural\Iterator.Structural.csproj", "{0377B616-C664-439D-83B4-2EF498376CD3}"
EndProject
Project("{9A19103F-16F7-4668-BE54-9A1E7A4F7556}") = "Strategy.Structural", "Strategy.Structural\Strategy.Structural.csproj", "{03627608-71EB-47B5-9C42-2E182E879061}"
EndProject
Project("{9A19103F-16F7-4668-BE54-9A1E7A4F7556}") = "TemplateMethod.Structural", "TemplateMethod.Structural\TemplateMethod.Structural.csproj", "{BF2C8B5B-B4C9-4BC0-9202-EAB15BDFC5BA}"
EndProject
Project("{9A19103F-16F7-4668-BE54-9A1E7A4F7556}") = "State.Structural", "State.Structural\State.Structural.csproj", "{6CF3A798-0DFF-4E82-9B07-A7A7B0334614}"
EndProject
Project("{9A19103F-16F7-4668-BE54-9A1E7A4F7556}") = "Observer.Structural", "Observer.Structural\Observer.Structural.csproj", "{09D7C6E0-6807-4365-A73F-A385F54315E2}"
EndProject
Project("{FAE04EC0-301F-11D3-BF4B-00C04F79EFBC}") = "Mediator.Structural", "Mediator.Structural\Mediator.Structural.csproj", "{E9463117-79E5-4533-9A23-42D3B3531394}"
EndProject
Global
	GlobalSection(SolutionConfigurationPlatforms) = preSolution
		Debug|Any CPU = Debug|Any CPU
		Release|Any CPU = Release|Any CPU
	EndGlobalSection
	GlobalSection(ProjectConfigurationPlatforms) = postSolution
		{6A89DD79-B70D-4F77-9178-97E6C4208265}.Debug|Any CPU.ActiveCfg = Debug|Any CPU
		{6A89DD79-B70D-4F77-9178-97E6C4208265}.Debug|Any CPU.Build.0 = Debug|Any CPU
		{6A89DD79-B70D-4F77-9178-97E6C4208265}.Release|Any CPU.ActiveCfg = Release|Any CPU
		{6A89DD79-B70D-4F77-9178-97E6C4208265}.Release|Any CPU.Build.0 = Release|Any CPU
		{88F1A9FF-A46B-4148-B41E-DA5EF762EE20}.Debug|Any CPU.ActiveCfg = Debug|Any CPU
		{88F1A9FF-A46B-4148-B41E-DA5EF762EE20}.Debug|Any CPU.Build.0 = Debug|Any CPU
		{88F1A9FF-A46B-4148-B41E-DA5EF762EE20}.Release|Any CPU.ActiveCfg = Release|Any CPU
		{88F1A9FF-A46B-4148-B41E-DA5EF762EE20}.Release|Any CPU.Build.0 = Release|Any CPU
		{150D405C-936D-4F30-AA78-A5BF4CE6A0AB}.Debug|Any CPU.ActiveCfg = Debug|Any CPU
		{150D405C-936D-4F30-AA78-A5BF4CE6A0AB}.Debug|Any CPU.Build.0 = Debug|Any CPU
		{150D405C-936D-4F30-AA78-A5BF4CE6A0AB}.Release|Any CPU.ActiveCfg = Release|Any CPU
		{150D405C-936D-4F30-AA78-A5BF4CE6A0AB}.Release|Any CPU.Build.0 = Release|Any CPU
		{5C73A85F-F71B-43C8-8B77-48978869E293}.Debug|Any CPU.ActiveCfg = Debug|Any CPU
		{5C73A85F-F71B-43C8-8B77-48978869E293}.Debug|Any CPU.Build.0 = Debug|Any CPU
		{5C73A85F-F71B-43C8-8B77-48978869E293}.Release|Any CPU.ActiveCfg = Release|Any CPU
		{5C73A85F-F71B-43C8-8B77-48978869E293}.Release|Any CPU.Build.0 = Release|Any CPU
		{FF44E8B8-452B-4E4C-9E5A-5CD7D349A9F6}.Debug|Any CPU.ActiveCfg = Debug|Any CPU
		{FF44E8B8-452B-4E4C-9E5A-5CD7D349A9F6}.Debug|Any CPU.Build.0 = Debug|Any CPU
		{FF44E8B8-452B-4E4C-9E5A-5CD7D349A9F6}.Release|Any CPU.ActiveCfg = Release|Any CPU
		{FF44E8B8-452B-4E4C-9E5A-5CD7D349A9F6}.Release|Any CPU.Build.0 = Release|Any CPU
		{3B0DFF52-97C0-445C-B874-D0651C4356DC}.Debug|Any CPU.ActiveCfg = Debug|Any CPU
		{3B0DFF52-97C0-445C-B874-D0651C4356DC}.Debug|Any CPU.Build.0 = Debug|Any CPU
		{3B0DFF52-97C0-445C-B874-D0651C4356DC}.Release|Any CPU.ActiveCfg = Release|Any CPU
		{3B0DFF52-97C0-445C-B874-D0651C4356DC}.Release|Any CPU.Build.0 = Release|Any CPU
		{77FD5BB6-AD99-4709-AE08-382FB3463434}.Debug|Any CPU.ActiveCfg = Debug|Any CPU
		{77FD5BB6-AD99-4709-AE08-382FB3463434}.Debug|Any CPU.Build.0 = Debug|Any CPU
		{77FD5BB6-AD99-4709-AE08-382FB3463434}.Release|Any CPU.ActiveCfg = Release|Any CPU
		{77FD5BB6-AD99-4709-AE08-382FB3463434}.Release|Any CPU.Build.0 = Release|Any CPU
		{337D4DEC-4572-49A2-A263-BB089976F172}.Debug|Any CPU.ActiveCfg = Debug|Any CPU
		{337D4DEC-4572-49A2-A263-BB089976F172}.Debug|Any CPU.Build.0 = Debug|Any CPU
		{337D4DEC-4572-49A2-A263-BB089976F172}.Release|Any CPU.ActiveCfg = Release|Any CPU
		{337D4DEC-4572-49A2-A263-BB089976F172}.Release|Any CPU.Build.0 = Release|Any CPU
		{0A4CD7C7-08F4-4973-84CF-3E62C140F7FB}.Debug|Any CPU.ActiveCfg = Debug|Any CPU
		{0A4CD7C7-08F4-4973-84CF-3E62C140F7FB}.Debug|Any CPU.Build.0 = Debug|Any CPU
		{0A4CD7C7-08F4-4973-84CF-3E62C140F7FB}.Release|Any CPU.ActiveCfg = Release|Any CPU
		{0A4CD7C7-08F4-4973-84CF-3E62C140F7FB}.Release|Any CPU.Build.0 = Release|Any CPU
		{0FBC1346-9B62-41BD-BEF0-ED0EC7DB7CF7}.Debug|Any CPU.ActiveCfg = Debug|Any CPU
		{0FBC1346-9B62-41BD-BEF0-ED0EC7DB7CF7}.Debug|Any CPU.Build.0 = Debug|Any CPU
		{0FBC1346-9B62-41BD-BEF0-ED0EC7DB7CF7}.Release|Any CPU.ActiveCfg = Release|Any CPU
		{0FBC1346-9B62-41BD-BEF0-ED0EC7DB7CF7}.Release|Any CPU.Build.0 = Release|Any CPU
		{AB728BA7-1BE2-4B7A-96A0-42BA2305E153}.Debug|Any CPU.ActiveCfg = Debug|Any CPU
		{AB728BA7-1BE2-4B7A-96A0-42BA2305E153}.Debug|Any CPU.Build.0 = Debug|Any CPU
		{AB728BA7-1BE2-4B7A-96A0-42BA2305E153}.Release|Any CPU.ActiveCfg = Release|Any CPU
		{AB728BA7-1BE2-4B7A-96A0-42BA2305E153}.Release|Any CPU.Build.0 = Release|Any CPU
		{FB427DDB-F0C6-4149-AE98-389113DA6269}.Debug|Any CPU.ActiveCfg = Debug|Any CPU
		{FB427DDB-F0C6-4149-AE98-389113DA6269}.Debug|Any CPU.Build.0 = Debug|Any CPU
		{FB427DDB-F0C6-4149-AE98-389113DA6269}.Release|Any CPU.ActiveCfg = Release|Any CPU
		{FB427DDB-F0C6-4149-AE98-389113DA6269}.Release|Any CPU.Build.0 = Release|Any CPU
		{E9F01342-03F4-4CB7-8FF4-9D6F2B83CCCC}.Debug|Any CPU.ActiveCfg = Debug|Any CPU
		{E9F01342-03F4-4CB7-8FF4-9D6F2B83CCCC}.Debug|Any CPU.Build.0 = Debug|Any CPU
		{E9F01342-03F4-4CB7-8FF4-9D6F2B83CCCC}.Release|Any CPU.ActiveCfg = Release|Any CPU
		{E9F01342-03F4-4CB7-8FF4-9D6F2B83CCCC}.Release|Any CPU.Build.0 = Release|Any CPU
		{7624CD81-D14D-4ED2-90F1-D2407CDEAB73}.Debug|Any CPU.ActiveCfg = Debug|Any CPU
		{7624CD81-D14D-4ED2-90F1-D2407CDEAB73}.Debug|Any CPU.Build.0 = Debug|Any CPU
		{7624CD81-D14D-4ED2-90F1-D2407CDEAB73}.Release|Any CPU.ActiveCfg = Release|Any CPU
		{7624CD81-D14D-4ED2-90F1-D2407CDEAB73}.Release|Any CPU.Build.0 = Release|Any CPU
		{E18A8A71-B3CD-498F-B0F7-FC01B10960BF}.Debug|Any CPU.ActiveCfg = Debug|Any CPU
		{E18A8A71-B3CD-498F-B0F7-FC01B10960BF}.Debug|Any CPU.Build.0 = Debug|Any CPU
		{E18A8A71-B3CD-498F-B0F7-FC01B10960BF}.Release|Any CPU.ActiveCfg = Release|Any CPU
		{E18A8A71-B3CD-498F-B0F7-FC01B10960BF}.Release|Any CPU.Build.0 = Release|Any CPU
		{5132BF22-674E-4A56-A884-A2D340EBC788}.Debug|Any CPU.ActiveCfg = Debug|Any CPU
		{5132BF22-674E-4A56-A884-A2D340EBC788}.Debug|Any CPU.Build.0 = Debug|Any CPU
		{5132BF22-674E-4A56-A884-A2D340EBC788}.Release|Any CPU.ActiveCfg = Release|Any CPU
		{5132BF22-674E-4A56-A884-A2D340EBC788}.Release|Any CPU.Build.0 = Release|Any CPU
		{FA8C4EB7-3BD1-407F-8A8E-D8E9D1D503A2}.Debug|Any CPU.ActiveCfg = Debug|Any CPU
		{FA8C4EB7-3BD1-407F-8A8E-D8E9D1D503A2}.Debug|Any CPU.Build.0 = Debug|Any CPU
		{FA8C4EB7-3BD1-407F-8A8E-D8E9D1D503A2}.Release|Any CPU.ActiveCfg = Release|Any CPU
		{FA8C4EB7-3BD1-407F-8A8E-D8E9D1D503A2}.Release|Any CPU.Build.0 = Release|Any CPU
		{55C1FED6-FE48-4479-9F24-AF66C059DD1B}.Debug|Any CPU.ActiveCfg = Debug|Any CPU
		{55C1FED6-FE48-4479-9F24-AF66C059DD1B}.Debug|Any CPU.Build.0 = Debug|Any CPU
		{55C1FED6-FE48-4479-9F24-AF66C059DD1B}.Release|Any CPU.ActiveCfg = Release|Any CPU
		{55C1FED6-FE48-4479-9F24-AF66C059DD1B}.Release|Any CPU.Build.0 = Release|Any CPU
		{1A024E6A-4CC4-434D-A941-9F688BED6D3D}.Debug|Any CPU.ActiveCfg = Debug|Any CPU
		{1A024E6A-4CC4-434D-A941-9F688BED6D3D}.Debug|Any CPU.Build.0 = Debug|Any CPU
		{1A024E6A-4CC4-434D-A941-9F688BED6D3D}.Release|Any CPU.ActiveCfg = Release|Any CPU
		{1A024E6A-4CC4-434D-A941-9F688BED6D3D}.Release|Any CPU.Build.0 = Release|Any CPU
		{504A9D45-B205-4741-B45F-EF5D94039BA7}.Debug|Any CPU.ActiveCfg = Debug|Any CPU
		{504A9D45-B205-4741-B45F-EF5D94039BA7}.Debug|Any CPU.Build.0 = Debug|Any CPU
		{504A9D45-B205-4741-B45F-EF5D94039BA7}.Release|Any CPU.ActiveCfg = Release|Any CPU
		{504A9D45-B205-4741-B45F-EF5D94039BA7}.Release|Any CPU.Build.0 = Release|Any CPU
		{BF4893CE-B323-42FB-9120-F1A49C9B721F}.Debug|Any CPU.ActiveCfg = Debug|Any CPU
		{BF4893CE-B323-42FB-9120-F1A49C9B721F}.Debug|Any CPU.Build.0 = Debug|Any CPU
		{BF4893CE-B323-42FB-9120-F1A49C9B721F}.Release|Any CPU.ActiveCfg = Release|Any CPU
		{BF4893CE-B323-42FB-9120-F1A49C9B721F}.Release|Any CPU.Build.0 = Release|Any CPU
		{69A2613D-4E6B-4D84-AFDC-A10237C71708}.Debug|Any CPU.ActiveCfg = Debug|Any CPU
		{69A2613D-4E6B-4D84-AFDC-A10237C71708}.Debug|Any CPU.Build.0 = Debug|Any CPU
		{69A2613D-4E6B-4D84-AFDC-A10237C71708}.Release|Any CPU.ActiveCfg = Release|Any CPU
		{69A2613D-4E6B-4D84-AFDC-A10237C71708}.Release|Any CPU.Build.0 = Release|Any CPU
		{1CE25501-6D54-4781-8AB5-5ABEB4D55824}.Debug|Any CPU.ActiveCfg = Debug|Any CPU
		{1CE25501-6D54-4781-8AB5-5ABEB4D55824}.Debug|Any CPU.Build.0 = Debug|Any CPU
		{1CE25501-6D54-4781-8AB5-5ABEB4D55824}.Release|Any CPU.ActiveCfg = Release|Any CPU
		{1CE25501-6D54-4781-8AB5-5ABEB4D55824}.Release|Any CPU.Build.0 = Release|Any CPU
		{24B46EDA-BDAF-4060-8712-2D6E7360F281}.Debug|Any CPU.ActiveCfg = Debug|Any CPU
		{24B46EDA-BDAF-4060-8712-2D6E7360F281}.Debug|Any CPU.Build.0 = Debug|Any CPU
		{24B46EDA-BDAF-4060-8712-2D6E7360F281}.Release|Any CPU.ActiveCfg = Release|Any CPU
		{24B46EDA-BDAF-4060-8712-2D6E7360F281}.Release|Any CPU.Build.0 = Release|Any CPU
		{1946706D-B55B-4593-9E17-02D2B88E5605}.Debug|Any CPU.ActiveCfg = Debug|Any CPU
		{1946706D-B55B-4593-9E17-02D2B88E5605}.Debug|Any CPU.Build.0 = Debug|Any CPU
		{1946706D-B55B-4593-9E17-02D2B88E5605}.Release|Any CPU.ActiveCfg = Release|Any CPU
		{1946706D-B55B-4593-9E17-02D2B88E5605}.Release|Any CPU.Build.0 = Release|Any CPU
		{45003AF3-B85C-4D3D-B1D0-2E04A7D7252F}.Debug|Any CPU.ActiveCfg = Debug|Any CPU
		{45003AF3-B85C-4D3D-B1D0-2E04A7D7252F}.Debug|Any CPU.Build.0 = Debug|Any CPU
		{45003AF3-B85C-4D3D-B1D0-2E04A7D7252F}.Release|Any CPU.ActiveCfg = Release|Any CPU
		{45003AF3-B85C-4D3D-B1D0-2E04A7D7252F}.Release|Any CPU.Build.0 = Release|Any CPU
		{7CB4E245-7A41-4430-8AC3-125A55FD080C}.Debug|Any CPU.ActiveCfg = Debug|Any CPU
		{7CB4E245-7A41-4430-8AC3-125A55FD080C}.Debug|Any CPU.Build.0 = Debug|Any CPU
		{7CB4E245-7A41-4430-8AC3-125A55FD080C}.Release|Any CPU.ActiveCfg = Release|Any CPU
		{7CB4E245-7A41-4430-8AC3-125A55FD080C}.Release|Any CPU.Build.0 = Release|Any CPU
		{0377B616-C664-439D-83B4-2EF498376CD3}.Debug|Any CPU.ActiveCfg = Debug|Any CPU
		{0377B616-C664-439D-83B4-2EF498376CD3}.Debug|Any CPU.Build.0 = Debug|Any CPU
		{0377B616-C664-439D-83B4-2EF498376CD3}.Release|Any CPU.ActiveCfg = Release|Any CPU
		{0377B616-C664-439D-83B4-2EF498376CD3}.Release|Any CPU.Build.0 = Release|Any CPU
		{03627608-71EB-47B5-9C42-2E182E879061}.Debug|Any CPU.ActiveCfg = Debug|Any CPU
		{03627608-71EB-47B5-9C42-2E182E879061}.Debug|Any CPU.Build.0 = Debug|Any CPU
		{03627608-71EB-47B5-9C42-2E182E879061}.Release|Any CPU.ActiveCfg = Release|Any CPU
		{03627608-71EB-47B5-9C42-2E182E879061}.Release|Any CPU.Build.0 = Release|Any CPU
		{BF2C8B5B-B4C9-4BC0-9202-EAB15BDFC5BA}.Debug|Any CPU.ActiveCfg = Debug|Any CPU
		{BF2C8B5B-B4C9-4BC0-9202-EAB15BDFC5BA}.Debug|Any CPU.Build.0 = Debug|Any CPU
		{BF2C8B5B-B4C9-4BC0-9202-EAB15BDFC5BA}.Release|Any CPU.ActiveCfg = Release|Any CPU
		{BF2C8B5B-B4C9-4BC0-9202-EAB15BDFC5BA}.Release|Any CPU.Build.0 = Release|Any CPU
		{6CF3A798-0DFF-4E82-9B07-A7A7B0334614}.Debug|Any CPU.ActiveCfg = Debug|Any CPU
		{6CF3A798-0DFF-4E82-9B07-A7A7B0334614}.Debug|Any CPU.Build.0 = Debug|Any CPU
		{6CF3A798-0DFF-4E82-9B07-A7A7B0334614}.Release|Any CPU.ActiveCfg = Release|Any CPU
		{6CF3A798-0DFF-4E82-9B07-A7A7B0334614}.Release|Any CPU.Build.0 = Release|Any CPU
		{09D7C6E0-6807-4365-A73F-A385F54315E2}.Debug|Any CPU.ActiveCfg = Debug|Any CPU
		{09D7C6E0-6807-4365-A73F-A385F54315E2}.Debug|Any CPU.Build.0 = Debug|Any CPU
		{09D7C6E0-6807-4365-A73F-A385F54315E2}.Release|Any CPU.ActiveCfg = Release|Any CPU
		{09D7C6E0-6807-4365-A73F-A385F54315E2}.Release|Any CPU.Build.0 = Release|Any CPU
		{E9463117-79E5-4533-9A23-42D3B3531394}.Debug|Any CPU.ActiveCfg = Debug|Any CPU
		{E9463117-79E5-4533-9A23-42D3B3531394}.Debug|Any CPU.Build.0 = Debug|Any CPU
		{E9463117-79E5-4533-9A23-42D3B3531394}.Release|Any CPU.ActiveCfg = Release|Any CPU
		{E9463117-79E5-4533-9A23-42D3B3531394}.Release|Any CPU.Build.0 = Release|Any CPU
	EndGlobalSection
	GlobalSection(SolutionProperties) = preSolution
		HideSolutionNode = FALSE
	EndGlobalSection
	GlobalSection(ExtensibilityGlobals) = postSolution
		SolutionGuid = {101133B6-9263-4AE1-8F69-00DFF746DF40}
	EndGlobalSection
EndGlobal
